
Microsoft Visual Studio Solution File, Format Version 12.00
# Visual Studio Version 16
VisualStudioVersion = 16.0.29728.190
MinimumVisualStudioVersion = 10.0.40219.1
Project("{8BC9CEB8-8B4A-11D0-8D11-00A0C91BC942}") = "bmper", "bmper.vcxproj", "{AB51A81C-28D2-488B-86AF-CCED64E27288}"
EndProject
Global
	GlobalSection(SolutionConfigurationPlatforms) = preSolution
		Debug|x64 = Debug|x64
		Debug|x86 = Debug|x86
		Release|x64 = Release|x64
		Release|x86 = Release|x86
	EndGlobalSection
	GlobalSection(ProjectConfigurationPlatforms) = postSolution
		{AB51A81C-28D2-488B-86AF-CCED64E27288}.Debug|x64.ActiveCfg = Debug|x64
		{AB51A81C-28D2-488B-86AF-CCED64E27288}.Debug|x64.Build.0 = Debug|x64
		{AB51A81C-28D2-488B-86AF-CCED64E27288}.Debug|x86.ActiveCfg = Debug|Win32
		{AB51A81C-28D2-488B-86AF-CCED64E27288}.Debug|x86.Build.0 = Debug|Win32
		{AB51A81C-28D2-488B-86AF-CCED64E27288}.Release|x64.ActiveCfg = Release|x64
		{AB51A81C-28D2-488B-86AF-CCED64E27288}.Release|x64.Build.0 = Release|x64
		{AB51A81C-28D2-488B-86AF-CCED64E27288}.Release|x86.ActiveCfg = Release|Win32
		{AB51A81C-28D2-488B-86AF-CCED64E27288}.Release|x86.Build.0 = Release|Win32
	EndGlobalSection
	GlobalSection(SolutionProperties) = preSolution
		HideSolutionNode = FALSE
	EndGlobalSection
	GlobalSection(ExtensibilityGlobals) = postSolution
		SolutionGuid = {EF411353-00AF-4EFD-A504-A6EC13AA9005}
	EndGlobalSection
EndGlobal
